
Microsoft Visual Studio Solution File, Format Version 12.00
# Visual Studio Version 16
VisualStudioVersion = 16.0.30128.74
MinimumVisualStudioVersion = 10.0.40219.1
Project("{FAE04EC0-301F-11D3-BF4B-00C04F79EFBC}") = "Convert_Procedure", "Convert_Procedure\Convert_Procedure.csproj", "{EE5C1059-949C-47B4-8000-BB915E492C60}"
EndProject
Global
	GlobalSection(SolutionConfigurationPlatforms) = preSolution
		Debug|Any CPU = Debug|Any CPU
		Release|Any CPU = Release|Any CPU
	EndGlobalSection
	GlobalSection(ProjectConfigurationPlatforms) = postSolution
		{EE5C1059-949C-47B4-8000-BB915E492C60}.Debug|Any CPU.ActiveCfg = Debug|Any CPU
		{EE5C1059-949C-47B4-8000-BB915E492C60}.Debug|Any CPU.Build.0 = Debug|Any CPU
		{EE5C1059-949C-47B4-8000-BB915E492C60}.Release|Any CPU.ActiveCfg = Release|Any CPU
		{EE5C1059-949C-47B4-8000-BB915E492C60}.Release|Any CPU.Build.0 = Release|Any CPU
	EndGlobalSection
	GlobalSection(SolutionProperties) = preSolution
		HideSolutionNode = FALSE
	EndGlobalSection
	GlobalSection(ExtensibilityGlobals) = postSolution
		SolutionGuid = {408FDDBA-916E-4FFB-BB06-2ED15349D5C7}
	EndGlobalSection
EndGlobal
